PODS:
  - Alamofire (5.6.4)
  - PinLayout (1.10.2)
  - UnsplashPhotoPicker (1.3.0)

DEPENDENCIES:
  - Alamofire
  - PinLayout
  - UnsplashPhotoPicker (~> 1.3)

SPEC REPOS:
  trunk:
    - Alamofire
    - PinLayout
    - UnsplashPhotoPicker

SPEC CHECKSUMS:
  Alamofire: 4e95d97098eacb88856099c4fc79b526a299e48c
  PinLayout: d6b1960e4b182b4da1481b9aa6728f621e20708d
  UnsplashPhotoPicker: 327eef7ccbb4c322ed13360fdda6e975d1bea61d

PODFILE CHECKSUM: 7a5e61ff40bc77a670f0ea926604bbbb4ce18fc6

COCOAPODS: 1.11.2
