// !$*UTF8*$!
{
	archiveVersion = 1;
	classes = {
	};
	objectVersion = 55;
	objects = {

/* Begin PBXBuildFile section */
		5D287F83296CEBAD00B1E698 /* Error.swift in Sources */ = {isa = PBXBuildFile; fileRef = 5D287F82296CEBAD00B1E698 /* Error.swift */; };
		5D287F85296CEBC900B1E698 /* NetworkManager.swift in Sources */ = {isa = PBXBuildFile; fileRef = 5D287F84296CEBC900B1E698 /* NetworkManager.swift */; };
		5D287F87296CEBFA00B1E698 /* TrendScreenModel.swift in Sources */ = {isa = PBXBuildFile; fileRef = 5D287F86296CEBFA00B1E698 /* TrendScreenModel.swift */; };
		5D287F89296CEF8500B1E698 /* UIImageViewExtension.swift in Sources */ = {isa = PBXBuildFile; fileRef = 5D287F88296CEF8500B1E698 /* UIImageViewExtension.swift */; };
		5DB8FF1D296C21850032D6EB /* AppDelegate.swift in Sources */ = {isa = PBXBuildFile; fileRef = 5DB8FF1C296C21850032D6EB /* AppDelegate.swift */; };
		5DB8FF1F296C21850032D6EB /* SceneDelegate.swift in Sources */ = {isa = PBXBuildFile; fileRef = 5DB8FF1E296C21850032D6EB /* SceneDelegate.swift */; };
		5DB8FF26296C21880032D6EB /* Assets.xcassets in Resources */ = {isa = PBXBuildFile; fileRef = 5DB8FF25296C21880032D6EB /* Assets.xcassets */; };
		5DB8FF29296C21880032D6EB /* LaunchScreen.storyboard in Resources */ = {isa = PBXBuildFile; fileRef = 5DB8FF27296C21880032D6EB /* LaunchScreen.storyboard */; };
		5DB8FF32296C297E0032D6EB /* TrendScreen.storyboard in Resources */ = {isa = PBXBuildFile; fileRef = 5DB8FF31296C297E0032D6EB /* TrendScreen.storyboard */; };
		5DB8FF34296C299A0032D6EB /* TrendScreenViewController.swift in Sources */ = {isa = PBXBuildFile; fileRef = 5DB8FF33296C299A0032D6EB /* TrendScreenViewController.swift */; };
		5DB8FF36296C29B60032D6EB /* TrendScreenView.swift in Sources */ = {isa = PBXBuildFile; fileRef = 5DB8FF35296C29B60032D6EB /* TrendScreenView.swift */; };
		5DB8FF39296C2B4F0032D6EB /* StoryboardLoadable.swift in Sources */ = {isa = PBXBuildFile; fileRef = 5DB8FF38296C2B4F0032D6EB /* StoryboardLoadable.swift */; };
		5DB8FF3B296C2B620032D6EB /* Coordinator.swift in Sources */ = {isa = PBXBuildFile; fileRef = 5DB8FF3A296C2B620032D6EB /* Coordinator.swift */; };
		5DB8FF3D296C2B730032D6EB /* AppConfigurator.swift in Sources */ = {isa = PBXBuildFile; fileRef = 5DB8FF3C296C2B730032D6EB /* AppConfigurator.swift */; };
		5DB8FF3F296C2B8A0032D6EB /* ScreensCoordinator.swift in Sources */ = {isa = PBXBuildFile; fileRef = 5DB8FF3E296C2B8A0032D6EB /* ScreensCoordinator.swift */; };
		5DDBDC27296C9C7900C80A41 /* TrandScreenViewControllerExtension.swift in Sources */ = {isa = PBXBuildFile; fileRef = 5DDBDC26296C9C7900C80A41 /* TrandScreenViewControllerExtension.swift */; };
		5DDBDC29296CB25D00C80A41 /* TrendScreenCell.swift in Sources */ = {isa = PBXBuildFile; fileRef = 5DDBDC28296CB25D00C80A41 /* TrendScreenCell.swift */; };
		A2F421CD70F723BA6DCC80A7 /* Pods_YouTubeScreen.framework in Frameworks */ = {isa = PBXBuildFile; fileRef = 23BA6AA5EE0D51FD2CE63456 /* Pods_YouTubeScreen.framework */; };
/* End PBXBuildFile section */

/* Begin PBXFileReference section */
		23BA6AA5EE0D51FD2CE63456 /* Pods_YouTubeScreen.framework */ = {isa = PBXFileReference; explicitFileType = wrapper.framework; includeInIndex = 0; path = Pods_YouTubeScreen.framework; sourceTree = BUILT_PRODUCTS_DIR; };
		5D287F82296CEBAD00B1E698 /* Error.swift */ = {isa = PBXFileReference; lastKnownFileType = sourcecode.swift; path = Error.swift; sourceTree = "<group>"; };
		5D287F84296CEBC900B1E698 /* NetworkManager.swift */ = {isa = PBXFileReference; lastKnownFileType = sourcecode.swift; path = NetworkManager.swift; sourceTree = "<group>"; };
		5D287F86296CEBFA00B1E698 /* TrendScreenModel.swift */ = {isa = PBXFileReference; lastKnownFileType = sourcecode.swift; path = TrendScreenModel.swift; sourceTree = "<group>"; };
		5D287F88296CEF8500B1E698 /* UIImageViewExtension.swift */ = {isa = PBXFileReference; lastKnownFileType = sourcecode.swift; path = UIImageViewExtension.swift; sourceTree = "<group>"; };
		5DB8FF19296C21850032D6EB /* YouTubeScreen.app */ = {isa = PBXFileReference; explicitFileType = wrapper.application; includeInIndex = 0; path = YouTubeScreen.app; sourceTree = BUILT_PRODUCTS_DIR; };
		5DB8FF1C296C21850032D6EB /* AppDelegate.swift */ = {isa = PBXFileReference; lastKnownFileType = sourcecode.swift; path = AppDelegate.swift; sourceTree = "<group>"; };
		5DB8FF1E296C21850032D6EB /* SceneDelegate.swift */ = {isa = PBXFileReference; lastKnownFileType = sourcecode.swift; path = SceneDelegate.swift; sourceTree = "<group>"; };
		5DB8FF25296C21880032D6EB /* Assets.xcassets */ = {isa = PBXFileReference; lastKnownFileType = folder.assetcatalog; path = Assets.xcassets; sourceTree = "<group>"; };
		5DB8FF28296C21880032D6EB /* Base */ = {isa = PBXFileReference; lastKnownFileType = file.storyboard; name = Base; path = Base.lproj/LaunchScreen.storyboard; sourceTree = "<group>"; };
		5DB8FF2A296C21880032D6EB /* Info.plist */ = {isa = PBXFileReference; lastKnownFileType = text.plist.xml; path = Info.plist; sourceTree = "<group>"; };
		5DB8FF31296C297E0032D6EB /* TrendScreen.storyboard */ = {isa = PBXFileReference; lastKnownFileType = file.storyboard; path = TrendScreen.storyboard; sourceTree = "<group>"; };
		5DB8FF33296C299A0032D6EB /* TrendScreenViewController.swift */ = {isa = PBXFileReference; lastKnownFileType = sourcecode.swift; path = TrendScreenViewController.swift; sourceTree = "<group>"; };
		5DB8FF35296C29B60032D6EB /* TrendScreenView.swift */ = {isa = PBXFileReference; lastKnownFileType = sourcecode.swift; path = TrendScreenView.swift; sourceTree = "<group>"; };
		5DB8FF38296C2B4F0032D6EB /* StoryboardLoadable.swift */ = {isa = PBXFileReference; lastKnownFileType = sourcecode.swift; path = StoryboardLoadable.swift; sourceTree = "<group>"; };
		5DB8FF3A296C2B620032D6EB /* Coordinator.swift */ = {isa = PBXFileReference; lastKnownFileType = sourcecode.swift; path = Coordinator.swift; sourceTree = "<group>"; };
		5DB8FF3C296C2B730032D6EB /* AppConfigurator.swift */ = {isa = PBXFileReference; lastKnownFileType = sourcecode.swift; path = AppConfigurator.swift; sourceTree = "<group>"; };
		5DB8FF3E296C2B8A0032D6EB /* ScreensCoordinator.swift */ = {isa = PBXFileReference; lastKnownFileType = sourcecode.swift; path = ScreensCoordinator.swift; sourceTree = "<group>"; };
		5DDBDC26296C9C7900C80A41 /* TrandScreenViewControllerExtension.swift */ = {isa = PBXFileReference; lastKnownFileType = sourcecode.swift; path = TrandScreenViewControllerExtension.swift; sourceTree = "<group>"; };
		5DDBDC28296CB25D00C80A41 /* TrendScreenCell.swift */ = {isa = PBXFileReference; lastKnownFileType = sourcecode.swift; path = TrendScreenCell.swift; sourceTree = "<group>"; };
		5E8ECDB878AC0B74CB12C4A0 /* Pods-YouTubeScreen.debug.xcconfig */ = {isa = PBXFileReference; includeInIndex = 1; lastKnownFileType = text.xcconfig; name = "Pods-YouTubeScreen.debug.xcconfig"; path = "Target Support Files/Pods-YouTubeScreen/Pods-YouTubeScreen.debug.xcconfig"; sourceTree = "<group>"; };
		9FEBC4A7B8C66BFC88A3C55C /* Pods-YouTubeScreen.release.xcconfig */ = {isa = PBXFileReference; includeInIndex = 1; lastKnownFileType = text.xcconfig; name = "Pods-YouTubeScreen.release.xcconfig"; path = "Target Support Files/Pods-YouTubeScreen/Pods-YouTubeScreen.release.xcconfig"; sourceTree = "<group>"; };
/* End PBXFileReference section */

/* Begin PBXFrameworksBuildPhase section */
		5DB8FF16296C21850032D6EB /* Frameworks */ = {
			isa = PBXFrameworksBuildPhase;
			buildActionMask = 2147483647;
			files = (
				A2F421CD70F723BA6DCC80A7 /* Pods_YouTubeScreen.framework in Frameworks */,
			);
			runOnlyForDeploymentPostprocessing = 0;
		};
/* End PBXFrameworksBuildPhase section */

/* Begin PBXGroup section */
		5D287F80296CEB5F00B1E698 /* NetworkManager */ = {
			isa = PBXGroup;
			children = (
				5D287F84296CEBC900B1E698 /* NetworkManager.swift */,
				5D287F86296CEBFA00B1E698 /* TrendScreenModel.swift */,
			);
			path = NetworkManager;
			sourceTree = "<group>";
		};
		5D287F81296CEB7900B1E698 /* Error */ = {
			isa = PBXGroup;
			children = (
				5D287F82296CEBAD00B1E698 /* Error.swift */,
			);
			path = Error;
			sourceTree = "<group>";
		};
		5DB8FF10296C21850032D6EB = {
			isa = PBXGroup;
			children = (
				5DB8FF1B296C21850032D6EB /* YouTubeScreen */,
				5DB8FF1A296C21850032D6EB /* Products */,
				994ADF5714B724B2525B4087 /* Pods */,
				BF61281E04B80D389FDF833F /* Frameworks */,
			);
			sourceTree = "<group>";
		};
		5DB8FF1A296C21850032D6EB /* Products */ = {
			isa = PBXGroup;
			children = (
				5DB8FF19296C21850032D6EB /* YouTubeScreen.app */,
			);
			name = Products;
			sourceTree = "<group>";
		};
		5DB8FF1B296C21850032D6EB /* YouTubeScreen */ = {
			isa = PBXGroup;
			children = (
				5DB8FF1C296C21850032D6EB /* AppDelegate.swift */,
				5DB8FF1E296C21850032D6EB /* SceneDelegate.swift */,
				5D287F81296CEB7900B1E698 /* Error */,
				5D287F80296CEB5F00B1E698 /* NetworkManager */,
				5DB8FF37296C2A9D0032D6EB /* Coordinator */,
				5DB8FF30296C293F0032D6EB /* TrendScreen */,
				5DB8FF25296C21880032D6EB /* Assets.xcassets */,
				5DB8FF27296C21880032D6EB /* LaunchScreen.storyboard */,
				5DB8FF2A296C21880032D6EB /* Info.plist */,
			);
			path = YouTubeScreen;
			sourceTree = "<group>";
		};
		5DB8FF30296C293F0032D6EB /* TrendScreen */ = {
			isa = PBXGroup;
			children = (
				5DB8FF31296C297E0032D6EB /* TrendScreen.storyboard */,
				5DB8FF33296C299A0032D6EB /* TrendScreenViewController.swift */,
				5DDBDC26296C9C7900C80A41 /* TrandScreenViewControllerExtension.swift */,
				5DB8FF35296C29B60032D6EB /* TrendScreenView.swift */,
				5DDBDC28296CB25D00C80A41 /* TrendScreenCell.swift */,
				5D287F88296CEF8500B1E698 /* UIImageViewExtension.swift */,
			);
			path = TrendScreen;
			sourceTree = "<group>";
		};
		5DB8FF37296C2A9D0032D6EB /* Coordinator */ = {
			isa = PBXGroup;
			children = (
				5DB8FF38296C2B4F0032D6EB /* StoryboardLoadable.swift */,
				5DB8FF3A296C2B620032D6EB /* Coordinator.swift */,
				5DB8FF3C296C2B730032D6EB /* AppConfigurator.swift */,
				5DB8FF3E296C2B8A0032D6EB /* ScreensCoordinator.swift */,
			);
			path = Coordinator;
			sourceTree = "<group>";
		};
		994ADF5714B724B2525B4087 /* Pods */ = {
			isa = PBXGroup;
			children = (
				5E8ECDB878AC0B74CB12C4A0 /* Pods-YouTubeScreen.debug.xcconfig */,
				9FEBC4A7B8C66BFC88A3C55C /* Pods-YouTubeScreen.release.xcconfig */,
			);
			path = Pods;
			sourceTree = "<group>";
		};
		BF61281E04B80D389FDF833F /* Frameworks */ = {
			isa = PBXGroup;
			children = (
				23BA6AA5EE0D51FD2CE63456 /* Pods_YouTubeScreen.framework */,
			);
			name = Frameworks;
			sourceTree = "<group>";
		};
/* End PBXGroup section */

/* Begin PBXNativeTarget section */
		5DB8FF18296C21850032D6EB /* YouTubeScreen */ = {
			isa = PBXNativeTarget;
			buildConfigurationList = 5DB8FF2D296C21880032D6EB /* Build configuration list for PBXNativeTarget "YouTubeScreen" */;
			buildPhases = (
				0432F7E82612B63A6CDB855C /* [CP] Check Pods Manifest.lock */,
				5DB8FF15296C21850032D6EB /* Sources */,
				5DB8FF16296C21850032D6EB /* Frameworks */,
				5DB8FF17296C21850032D6EB /* Resources */,
				45D6CD55AA47D6B21DF7BCCE /* [CP] Embed Pods Frameworks */,
			);
			buildRules = (
			);
			dependencies = (
			);
			name = YouTubeScreen;
			productName = YouTubeScreen;
			productReference = 5DB8FF19296C21850032D6EB /* YouTubeScreen.app */;
			productType = "com.apple.product-type.application";
		};
/* End PBXNativeTarget section */

/* Begin PBXProject section */
		5DB8FF11296C21850032D6EB /* Project object */ = {
			isa = PBXProject;
			attributes = {
				BuildIndependentTargetsInParallel = 1;
				LastSwiftUpdateCheck = 1320;
				LastUpgradeCheck = 1320;
				TargetAttributes = {
					5DB8FF18296C21850032D6EB = {
						CreatedOnToolsVersion = 13.2.1;
					};
				};
			};
			buildConfigurationList = 5DB8FF14296C21850032D6EB /* Build configuration list for PBXProject "YouTubeScreen" */;
			compatibilityVersion = "Xcode 13.0";
			developmentRegion = en;
			hasScannedForEncodings = 0;
			knownRegions = (
				en,
				Base,
			);
			mainGroup = 5DB8FF10296C21850032D6EB;
			productRefGroup = 5DB8FF1A296C21850032D6EB /* Products */;
			projectDirPath = "";
			projectRoot = "";
			targets = (
				5DB8FF18296C21850032D6EB /* YouTubeScreen */,
			);
		};
/* End PBXProject section */

/* Begin PBXResourcesBuildPhase section */
		5DB8FF17296C21850032D6EB /* Resources */ = {
			isa = PBXResourcesBuildPhase;
			buildActionMask = 2147483647;
			files = (
				5DB8FF29296C21880032D6EB /* LaunchScreen.storyboard in Resources */,
				5DB8FF32296C297E0032D6EB /* TrendScreen.storyboard in Resources */,
				5DB8FF26296C21880032D6EB /* Assets.xcassets in Resources */,
			);
			runOnlyForDeploymentPostprocessing = 0;
		};
/* End PBXResourcesBuildPhase section */

/* Begin PBXShellScriptBuildPhase section */
		0432F7E82612B63A6CDB855C /* [CP] Check Pods Manifest.lock */ = {
			isa = PBXShellScriptBuildPhase;
			buildActionMask = 2147483647;
			files = (
			);
			inputFileListPaths = (
			);
			inputPaths = (
				"${PODS_PODFILE_DIR_PATH}/Podfile.lock",
				"${PODS_ROOT}/Manifest.lock",
			);
			name = "[CP] Check Pods Manifest.lock";
			outputFileListPaths = (
			);
			outputPaths = (
				"$(DERIVED_FILE_DIR)/Pods-YouTubeScreen-checkManifestLockResult.txt",
			);
			runOnlyForDeploymentPostprocessing = 0;
			shellPath = /bin/sh;
			shellScript = "diff \"${PODS_PODFILE_DIR_PATH}/Podfile.lock\" \"${PODS_ROOT}/Manifest.lock\" > /dev/null\nif [ $? != 0 ] ; then\n    # print error to STDERR\n    echo \"error: The sandbox is not in sync with the Podfile.lock. Run 'pod install' or update your CocoaPods installation.\" >&2\n    exit 1\nfi\n# This output is used by Xcode 'outputs' to avoid re-running this script phase.\necho \"SUCCESS\" > \"${SCRIPT_OUTPUT_FILE_0}\"\n";
			showEnvVarsInLog = 0;
		};
		45D6CD55AA47D6B21DF7BCCE /* [CP] Embed Pods Frameworks */ = {
			isa = PBXShellScriptBuildPhase;
			buildActionMask = 2147483647;
			files = (
			);
			inputFileListPaths = (
				"${PODS_ROOT}/Target Support Files/Pods-YouTubeScreen/Pods-YouTubeScreen-frameworks-${CONFIGURATION}-input-files.xcfilelist",
			);
			name = "[CP] Embed Pods Frameworks";
			outputFileListPaths = (
				"${PODS_ROOT}/Target Support Files/Pods-YouTubeScreen/Pods-YouTubeScreen-frameworks-${CONFIGURATION}-output-files.xcfilelist",
			);
			runOnlyForDeploymentPostprocessing = 0;
			shellPath = /bin/sh;
			shellScript = "\"${PODS_ROOT}/Target Support Files/Pods-YouTubeScreen/Pods-YouTubeScreen-frameworks.sh\"\n";
			showEnvVarsInLog = 0;
		};
/* End PBXShellScriptBuildPhase section */

/* Begin PBXSourcesBuildPhase section */
		5DB8FF15296C21850032D6EB /* Sources */ = {
			isa = PBXSourcesBuildPhase;
			buildActionMask = 2147483647;
			files = (
				5D287F85296CEBC900B1E698 /* NetworkManager.swift in Sources */,
				5DB8FF3D296C2B730032D6EB /* AppConfigurator.swift in Sources */,
				5DB8FF36296C29B60032D6EB /* TrendScreenView.swift in Sources */,
				5DB8FF3F296C2B8A0032D6EB /* ScreensCoordinator.swift in Sources */,
				5D287F83296CEBAD00B1E698 /* Error.swift in Sources */,
				5DB8FF39296C2B4F0032D6EB /* StoryboardLoadable.swift in Sources */,
				5DB8FF3B296C2B620032D6EB /* Coordinator.swift in Sources */,
				5DB8FF1D296C21850032D6EB /* AppDelegate.swift in Sources */,
				5D287F89296CEF8500B1E698 /* UIImageViewExtension.swift in Sources */,
				5DB8FF1F296C21850032D6EB /* SceneDelegate.swift in Sources */,
				5DDBDC29296CB25D00C80A41 /* TrendScreenCell.swift in Sources */,
				5DB8FF34296C299A0032D6EB /* TrendScreenViewController.swift in Sources */,
				5D287F87296CEBFA00B1E698 /* TrendScreenModel.swift in Sources */,
				5DDBDC27296C9C7900C80A41 /* TrandScreenViewControllerExtension.swift in Sources */,
			);
			runOnlyForDeploymentPostprocessing = 0;
		};
/* End PBXSourcesBuildPhase section */

/* Begin PBXVariantGroup section */
		5DB8FF27296C21880032D6EB /* LaunchScreen.storyboard */ = {
			isa = PBXVariantGroup;
			children = (
				5DB8FF28296C21880032D6EB /* Base */,
			);
			name = LaunchScreen.storyboard;
			sourceTree = "<group>";
		};
/* End PBXVariantGroup section */

/* Begin XCBuildConfiguration section */
		5DB8FF2B296C21880032D6EB /* Debug */ = {
			isa = XCBuildConfiguration;
			buildSettings = {
				ALWAYS_SEARCH_USER_PATHS = NO;
				CLANG_ANALYZER_NONNULL = YES;
				CLANG_ANALYZER_NUMBER_OBJECT_CONVERSION = YES_AGGRESSIVE;
				CLANG_CXX_LANGUAGE_STANDARD = "gnu++17";
				CLANG_CXX_LIBRARY = "libc++";
				CLANG_ENABLE_MODULES = YES;
				CLANG_ENABLE_OBJC_ARC = YES;
				CLANG_ENABLE_OBJC_WEAK = YES;
				CLANG_WARN_BLOCK_CAPTURE_AUTORELEASING = YES;
				CLANG_WARN_BOOL_CONVERSION = YES;
				CLANG_WARN_COMMA = YES;
				CLANG_WARN_CONSTANT_CONVERSION = YES;
				CLANG_WARN_DEPRECATED_OBJC_IMPLEMENTATIONS = YES;
				CLANG_WARN_DIRECT_OBJC_ISA_USAGE = YES_ERROR;
				CLANG_WARN_DOCUMENTATION_COMMENTS = YES;
				CLANG_WARN_EMPTY_BODY = YES;
				CLANG_WARN_ENUM_CONVERSION = YES;
				CLANG_WARN_INFINITE_RECURSION = YES;
				CLANG_WARN_INT_CONVERSION = YES;
				CLANG_WARN_NON_LITERAL_NULL_CONVERSION = YES;
				CLANG_WARN_OBJC_IMPLICIT_RETAIN_SELF = YES;
				CLANG_WARN_OBJC_LITERAL_CONVERSION = YES;
				CLANG_WARN_OBJC_ROOT_CLASS = YES_ERROR;
				CLANG_WARN_QUOTED_INCLUDE_IN_FRAMEWORK_HEADER = YES;
				CLANG_WARN_RANGE_LOOP_ANALYSIS = YES;
				CLANG_WARN_STRICT_PROTOTYPES = YES;
				CLANG_WARN_SUSPICIOUS_MOVE = YES;
				CLANG_WARN_UNGUARDED_AVAILABILITY = YES_AGGRESSIVE;
				CLANG_WARN_UNREACHABLE_CODE = YES;
				CLANG_WARN__DUPLICATE_METHOD_MATCH = YES;
				COPY_PHASE_STRIP = NO;
				DEBUG_INFORMATION_FORMAT = dwarf;
				ENABLE_STRICT_OBJC_MSGSEND = YES;
				ENABLE_TESTABILITY = YES;
				GCC_C_LANGUAGE_STANDARD = gnu11;
				GCC_DYNAMIC_NO_PIC = NO;
				GCC_NO_COMMON_BLOCKS = YES;
				GCC_OPTIMIZATION_LEVEL = 0;
				GCC_PREPROCESSOR_DEFINITIONS = (
					"DEBUG=1",
					"$(inherited)",
				);
				GCC_WARN_64_TO_32_BIT_CONVERSION = YES;
				GCC_WARN_ABOUT_RETURN_TYPE = YES_ERROR;
				GCC_WARN_UNDECLARED_SELECTOR = YES;
				GCC_WARN_UNINITIALIZED_AUTOS = YES_AGGRESSIVE;
				GCC_WARN_UNUSED_FUNCTION = YES;
				GCC_WARN_UNUSED_VARIABLE = YES;
				IPHONEOS_DEPLOYMENT_TARGET = 15.2;
				MTL_ENABLE_DEBUG_INFO = INCLUDE_SOURCE;
				MTL_FAST_MATH = YES;
				ONLY_ACTIVE_ARCH = YES;
				SDKROOT = iphoneos;
				SWIFT_ACTIVE_COMPILATION_CONDITIONS = DEBUG;
				SWIFT_OPTIMIZATION_LEVEL = "-Onone";
			};
			name = Debug;
		};
		5DB8FF2C296C21880032D6EB /* Release */ = {
			isa = XCBuildConfiguration;
			buildSettings = {
				ALWAYS_SEARCH_USER_PATHS = NO;
				CLANG_ANALYZER_NONNULL = YES;
				CLANG_ANALYZER_NUMBER_OBJECT_CONVERSION = YES_AGGRESSIVE;
				CLANG_CXX_LANGUAGE_STANDARD = "gnu++17";
				CLANG_CXX_LIBRARY = "libc++";
				CLANG_ENABLE_MODULES = YES;
				CLANG_ENABLE_OBJC_ARC = YES;
				CLANG_ENABLE_OBJC_WEAK = YES;
				CLANG_WARN_BLOCK_CAPTURE_AUTORELEASING = YES;
				CLANG_WARN_BOOL_CONVERSION = YES;
				CLANG_WARN_COMMA = YES;
				CLANG_WARN_CONSTANT_CONVERSION = YES;
				CLANG_WARN_DEPRECATED_OBJC_IMPLEMENTATIONS = YES;
				CLANG_WARN_DIRECT_OBJC_ISA_USAGE = YES_ERROR;
				CLANG_WARN_DOCUMENTATION_COMMENTS = YES;
				CLANG_WARN_EMPTY_BODY = YES;
				CLANG_WARN_ENUM_CONVERSION = YES;
				CLANG_WARN_INFINITE_RECURSION = YES;
				CLANG_WARN_INT_CONVERSION = YES;
				CLANG_WARN_NON_LITERAL_NULL_CONVERSION = YES;
				CLANG_WARN_OBJC_IMPLICIT_RETAIN_SELF = YES;
				CLANG_WARN_OBJC_LITERAL_CONVERSION = YES;
				CLANG_WARN_OBJC_ROOT_CLASS = YES_ERROR;
				CLANG_WARN_QUOTED_INCLUDE_IN_FRAMEWORK_HEADER = YES;
				CLANG_WARN_RANGE_LOOP_ANALYSIS = YES;
				CLANG_WARN_STRICT_PROTOTYPES = YES;
				CLANG_WARN_SUSPICIOUS_MOVE = YES;
				CLANG_WARN_UNGUARDED_AVAILABILITY = YES_AGGRESSIVE;
				CLANG_WARN_UNREACHABLE_CODE = YES;
				CLANG_WARN__DUPLICATE_METHOD_MATCH = YES;
				COPY_PHASE_STRIP = NO;
				DEBUG_INFORMATION_FORMAT = "dwarf-with-dsym";
				ENABLE_NS_ASSERTIONS = NO;
				ENABLE_STRICT_OBJC_MSGSEND = YES;
				GCC_C_LANGUAGE_STANDARD = gnu11;
				GCC_NO_COMMON_BLOCKS = YES;
				GCC_WARN_64_TO_32_BIT_CONVERSION = YES;
				GCC_WARN_ABOUT_RETURN_TYPE = YES_ERROR;
				GCC_WARN_UNDECLARED_SELECTOR = YES;
				GCC_WARN_UNINITIALIZED_AUTOS = YES_AGGRESSIVE;
				GCC_WARN_UNUSED_FUNCTION = YES;
				GCC_WARN_UNUSED_VARIABLE = YES;
				IPHONEOS_DEPLOYMENT_TARGET = 15.2;
				MTL_ENABLE_DEBUG_INFO = NO;
				MTL_FAST_MATH = YES;
				SDKROOT = iphoneos;
				SWIFT_COMPILATION_MODE = wholemodule;
				SWIFT_OPTIMIZATION_LEVEL = "-O";
				VALIDATE_PRODUCT = YES;
			};
			name = Release;
		};
		5DB8FF2E296C21880032D6EB /* Debug */ = {
			isa = XCBuildConfiguration;
			baseConfigurationReference = 5E8ECDB878AC0B74CB12C4A0 /* Pods-YouTubeScreen.debug.xcconfig */;
			buildSettings = {
				ASSETCATALOG_COMPILER_APPICON_NAME = AppIcon;
				ASSETCATALOG_COMPILER_GLOBAL_ACCENT_COLOR_NAME = AccentColor;
				CODE_SIGN_STYLE = Automatic;
				CURRENT_PROJECT_VERSION = 1;
				DEVELOPMENT_TEAM = T2JMY76GZY;
				GENERATE_INFOPLIST_FILE = YES;
				INFOPLIST_FILE = YouTubeScreen/Info.plist;
				INFOPLIST_KEY_UIApplicationSupportsIndirectInputEvents = YES;
				INFOPLIST_KEY_UILaunchStoryboardName = LaunchScreen;
				INFOPLIST_KEY_UIMainStoryboardFile = TrendScreen;
				INFOPLIST_KEY_UISupportedInterfaceOrientations = UIInterfaceOrientationPortrait;
				INFOPLIST_KEY_UISupportedInterfaceOrientations_iPad = "UIInterfaceOrientationPortrait UIInterfaceOrientationPortraitUpsideDown UIInterfaceOrientationLandscapeLeft UIInterfaceOrientationLandscapeRight";
				INFOPLIST_KEY_UISupportedInterfaceOrientations_iPhone = "UIInterfaceOrientationPortrait UIInterfaceOrientationLandscapeLeft UIInterfaceOrientationLandscapeRight";
				LD_RUNPATH_SEARCH_PATHS = (
					"$(inherited)",
					"@executable_path/Frameworks",
				);
				MARKETING_VERSION = 1.0;
				PRODUCT_BUNDLE_IDENTIFIER = com.my.test.YouTubeScreen;
				PRODUCT_NAME = "$(TARGET_NAME)";
				SWIFT_EMIT_LOC_STRINGS = YES;
				SWIFT_VERSION = 5.0;
				TARGETED_DEVICE_FAMILY = "1,2";
			};
			name = Debug;
		};
		5DB8FF2F296C21880032D6EB /* Release */ = {
			isa = XCBuildConfiguration;
			baseConfigurationReference = 9FEBC4A7B8C66BFC88A3C55C /* Pods-YouTubeScreen.release.xcconfig */;
			buildSettings = {
				ASSETCATALOG_COMPILER_APPICON_NAME = AppIcon;
				ASSETCATALOG_COMPILER_GLOBAL_ACCENT_COLOR_NAME = AccentColor;
				CODE_SIGN_STYLE = Automatic;
				CURRENT_PROJECT_VERSION = 1;
				DEVELOPMENT_TEAM = T2JMY76GZY;
				GENERATE_INFOPLIST_FILE = YES;
				INFOPLIST_FILE = YouTubeScreen/Info.plist;
				INFOPLIST_KEY_UIApplicationSupportsIndirectInputEvents = YES;
				INFOPLIST_KEY_UILaunchStoryboardName = LaunchScreen;
				INFOPLIST_KEY_UIMainStoryboardFile = TrendScreen;
				INFOPLIST_KEY_UISupportedInterfaceOrientations = UIInterfaceOrientationPortrait;
				INFOPLIST_KEY_UISupportedInterfaceOrientations_iPad = "UIInterfaceOrientationPortrait UIInterfaceOrientationPortraitUpsideDown UIInterfaceOrientationLandscapeLeft UIInterfaceOrientationLandscapeRight";
				INFOPLIST_KEY_UISupportedInterfaceOrientations_iPhone = "UIInterfaceOrientationPortrait UIInterfaceOrientationLandscapeLeft UIInterfaceOrientationLandscapeRight";
				LD_RUNPATH_SEARCH_PATHS = (
					"$(inherited)",
					"@executable_path/Frameworks",
				);
				MARKETING_VERSION = 1.0;
				PRODUCT_BUNDLE_IDENTIFIER = com.my.test.YouTubeScreen;
				PRODUCT_NAME = "$(TARGET_NAME)";
				SWIFT_EMIT_LOC_STRINGS = YES;
				SWIFT_VERSION = 5.0;
				TARGETED_DEVICE_FAMILY = "1,2";
			};
			name = Release;
		};
/* End XCBuildConfiguration section */

/* Begin XCConfigurationList section */
		5DB8FF14296C21850032D6EB /* Build configuration list for PBXProject "YouTubeScreen" */ = {
			isa = XCConfigurationList;
			buildConfigurations = (
				5DB8FF2B296C21880032D6EB /* Debug */,
				5DB8FF2C296C21880032D6EB /* Release */,
			);
			defaultConfigurationIsVisible = 0;
			defaultConfigurationName = Release;
		};
		5DB8FF2D296C21880032D6EB /* Build configuration list for PBXNativeTarget "YouTubeScreen" */ = {
			isa = XCConfigurationList;
			buildConfigurations = (
				5DB8FF2E296C21880032D6EB /* Debug */,
				5DB8FF2F296C21880032D6EB /* Release */,
			);
			defaultConfigurationIsVisible = 0;
			defaultConfigurationName = Release;
		};
/* End XCConfigurationList section */
	};
	rootObject = 5DB8FF11296C21850032D6EB /* Project object */;
}
